
Microsoft Visual Studio Solution File, Format Version 12.00
Project("{FAE04EC0-301F-11D3-BF4B-00C04F79EFBC}") = "InertiaDemo", "InertiaDemo\InertiaDemo.csproj", "{5B522374-E2E9-4F4C-BF62-88D67FA2D828}"
EndProject
Global
	GlobalSection(SolutionConfigurationPlatforms) = preSolution
		Debug|Any CPU = Debug|Any CPU
		Release|Any CPU = Release|Any CPU
	EndGlobalSection
	GlobalSection(ProjectConfigurationPlatforms) = postSolution
		{5B522374-E2E9-4F4C-BF62-88D67FA2D828}.Debug|Any CPU.ActiveCfg = Debug|Any CPU
		{5B522374-E2E9-4F4C-BF62-88D67FA2D828}.Debug|Any CPU.Build.0 = Debug|Any CPU
		{5B522374-E2E9-4F4C-BF62-88D67FA2D828}.Release|Any CPU.ActiveCfg = Release|Any CPU
		{5B522374-E2E9-4F4C-BF62-88D67FA2D828}.Release|Any CPU.Build.0 = Release|Any CPU
	EndGlobalSection
EndGlobal
